
Microsoft Visual Studio Solution File, Format Version 12.00
# Visual Studio 14
VisualStudioVersion = 14.0.23107.0
MinimumVisualStudioVersion = 10.0.40219.1
Project("{FAE04EC0-301F-11D3-BF4B-00C04F79EFBC}") = "MonoTestUciliste.Service", "MonoTestUciliste.Service\MonoTestUciliste.Service.csproj", "{490C5515-F8B4-43EC-B322-33BBB971C570}"
EndProject
Project("{FAE04EC0-301F-11D3-BF4B-00C04F79EFBC}") = "MonoTestUciliste.MVC", "MonoTestUciliste.MVC\MonoTestUciliste.MVC.csproj", "{333BBD4B-CB06-4D0F-8C8B-24087E03ED17}"
EndProject
Global
	GlobalSection(SolutionConfigurationPlatforms) = preSolution
		Debug|Any CPU = Debug|Any CPU
		Release|Any CPU = Release|Any CPU
	EndGlobalSection
	GlobalSection(ProjectConfigurationPlatforms) = postSolution
		{490C5515-F8B4-43EC-B322-33BBB971C570}.Debug|Any CPU.ActiveCfg = Debug|Any CPU
		{490C5515-F8B4-43EC-B322-33BBB971C570}.Debug|Any CPU.Build.0 = Debug|Any CPU
		{490C5515-F8B4-43EC-B322-33BBB971C570}.Release|Any CPU.ActiveCfg = Release|Any CPU
		{490C5515-F8B4-43EC-B322-33BBB971C570}.Release|Any CPU.Build.0 = Release|Any CPU
		{333BBD4B-CB06-4D0F-8C8B-24087E03ED17}.Debug|Any CPU.ActiveCfg = Debug|Any CPU
		{333BBD4B-CB06-4D0F-8C8B-24087E03ED17}.Debug|Any CPU.Build.0 = Debug|Any CPU
		{333BBD4B-CB06-4D0F-8C8B-24087E03ED17}.Release|Any CPU.ActiveCfg = Release|Any CPU
		{333BBD4B-CB06-4D0F-8C8B-24087E03ED17}.Release|Any CPU.Build.0 = Release|Any CPU
	EndGlobalSection
	GlobalSection(SolutionProperties) = preSolution
		HideSolutionNode = FALSE
	EndGlobalSection
EndGlobal
